
Microsoft Visual Studio Solution File, Format Version 12.00
# Visual Studio Version 17
VisualStudioVersion = 17.5.002.0
MinimumVisualStudioVersion = 10.0.40219.1
Project("{9A19103F-16F7-4668-BE54-9A1E7A4F7556}") = "backend", "backend\backend.csproj", "{A46A3961-C61B-47F4-8FC7-114632B8AA7C}"
EndProject
Project("{9A19103F-16F7-4668-BE54-9A1E7A4F7556}") = "tests", "tests\tests.csproj", "{67B0EE68-5C46-4AE3-A3E3-38EDD0A46762}"
EndProject
Global
	GlobalSection(SolutionConfigurationPlatforms) = preSolution
		Debug|Any CPU = Debug|Any CPU
		Release|Any CPU = Release|Any CPU
	EndGlobalSection
	GlobalSection(ProjectConfigurationPlatforms) = postSolution
		{A46A3961-C61B-47F4-8FC7-114632B8AA7C}.Debug|Any CPU.ActiveCfg = Debug|Any CPU
		{A46A3961-C61B-47F4-8FC7-114632B8AA7C}.Debug|Any CPU.Build.0 = Debug|Any CPU
		{A46A3961-C61B-47F4-8FC7-114632B8AA7C}.Release|Any CPU.ActiveCfg = Release|Any CPU
		{A46A3961-C61B-47F4-8FC7-114632B8AA7C}.Release|Any CPU.Build.0 = Release|Any CPU
		{67B0EE68-5C46-4AE3-A3E3-38EDD0A46762}.Debug|Any CPU.ActiveCfg = Debug|Any CPU
		{67B0EE68-5C46-4AE3-A3E3-38EDD0A46762}.Debug|Any CPU.Build.0 = Debug|Any CPU
		{67B0EE68-5C46-4AE3-A3E3-38EDD0A46762}.Release|Any CPU.ActiveCfg = Release|Any CPU
		{67B0EE68-5C46-4AE3-A3E3-38EDD0A46762}.Release|Any CPU.Build.0 = Release|Any CPU
	EndGlobalSection
	GlobalSection(SolutionProperties) = preSolution
		HideSolutionNode = FALSE
	EndGlobalSection
	GlobalSection(ExtensibilityGlobals) = postSolution
		SolutionGuid = {D081BD4A-1592-45E1-9935-31FACA67E59E}
	EndGlobalSection
EndGlobal
