
Microsoft Visual Studio Solution File, Format Version 12.00
# Visual Studio Version 17
VisualStudioVersion = 17.5.002.0
MinimumVisualStudioVersion = 10.0.40219.1
Project("{9A19103F-16F7-4668-BE54-9A1E7A4F7556}") = "backend", "backend.csproj", "{131E0CF1-BB68-431C-A11D-674A24795D05}"
EndProject
Global
	GlobalSection(SolutionConfigurationPlatforms) = preSolution
		Debug|Any CPU = Debug|Any CPU
		Release|Any CPU = Release|Any CPU
	EndGlobalSection
	GlobalSection(ProjectConfigurationPlatforms) = postSolution
		{131E0CF1-BB68-431C-A11D-674A24795D05}.Debug|Any CPU.ActiveCfg = Debug|Any CPU
		{131E0CF1-BB68-431C-A11D-674A24795D05}.Debug|Any CPU.Build.0 = Debug|Any CPU
		{131E0CF1-BB68-431C-A11D-674A24795D05}.Release|Any CPU.ActiveCfg = Release|Any CPU
		{131E0CF1-BB68-431C-A11D-674A24795D05}.Release|Any CPU.Build.0 = Release|Any CPU
	EndGlobalSection
	GlobalSection(SolutionProperties) = preSolution
		HideSolutionNode = FALSE
	EndGlobalSection
	GlobalSection(ExtensibilityGlobals) = postSolution
		SolutionGuid = {48E8C3F3-3262-4E52-A19B-AC83FDE0B7EA}
	EndGlobalSection
EndGlobal
